
Microsoft Visual Studio Solution File, Format Version 12.00
# Visual Studio Version 17
VisualStudioVersion = 17.8.34408.163
MinimumVisualStudioVersion = 10.0.40219.1
Project("{FAE04EC0-301F-11D3-BF4B-00C04F79EFBC}") = "WebApplication3", "WebApplication3\WebApplication3.csproj", "{81920291-A983-413C-821B-AAD34EC638CD}"
EndProject
Global
	GlobalSection(SolutionConfigurationPlatforms) = preSolution
		Debug|Any CPU = Debug|Any CPU
		Release|Any CPU = Release|Any CPU
	EndGlobalSection
	GlobalSection(ProjectConfigurationPlatforms) = postSolution
		{81920291-A983-413C-821B-AAD34EC638CD}.Debug|Any CPU.ActiveCfg = Debug|Any CPU
		{81920291-A983-413C-821B-AAD34EC638CD}.Debug|Any CPU.Build.0 = Debug|Any CPU
		{81920291-A983-413C-821B-AAD34EC638CD}.Release|Any CPU.ActiveCfg = Release|Any CPU
		{81920291-A983-413C-821B-AAD34EC638CD}.Release|Any CPU.Build.0 = Release|Any CPU
	EndGlobalSection
	GlobalSection(SolutionProperties) = preSolution
		HideSolutionNode = FALSE
	EndGlobalSection
	GlobalSection(ExtensibilityGlobals) = postSolution
		SolutionGuid = {472347AC-E38D-4592-8E2E-BBDAD5F0F05D}
	EndGlobalSection
EndGlobal
