
Microsoft Visual Studio Solution File, Format Version 12.00
# Visual Studio Version 17
VisualStudioVersion = 17.8.34408.163
MinimumVisualStudioVersion = 10.0.40219.1
Project("{FAE04EC0-301F-11D3-BF4B-00C04F79EFBC}") = "ConsoleApp1", "ConsoleApp1\ConsoleApp1.csproj", "{6F47D8DA-9476-4FF7-A27C-001C61B4C73E}"
EndProject
Global
	GlobalSection(SolutionConfigurationPlatforms) = preSolution
		Debug|Any CPU = Debug|Any CPU
		Release|Any CPU = Release|Any CPU
	EndGlobalSection
	GlobalSection(ProjectConfigurationPlatforms) = postSolution
		{6F47D8DA-9476-4FF7-A27C-001C61B4C73E}.Debug|Any CPU.ActiveCfg = Debug|Any CPU
		{6F47D8DA-9476-4FF7-A27C-001C61B4C73E}.Debug|Any CPU.Build.0 = Debug|Any CPU
		{6F47D8DA-9476-4FF7-A27C-001C61B4C73E}.Release|Any CPU.ActiveCfg = Release|Any CPU
		{6F47D8DA-9476-4FF7-A27C-001C61B4C73E}.Release|Any CPU.Build.0 = Release|Any CPU
	EndGlobalSection
	GlobalSection(SolutionProperties) = preSolution
		HideSolutionNode = FALSE
	EndGlobalSection
	GlobalSection(ExtensibilityGlobals) = postSolution
		SolutionGuid = {C62BA204-4763-41AB-9F29-0B6BC9936EB2}
	EndGlobalSection
EndGlobal
