
Microsoft Visual Studio Solution File, Format Version 12.00
# Visual Studio Version 17
VisualStudioVersion = 17.8.34408.163
MinimumVisualStudioVersion = 10.0.40219.1
Project("{FAE04EC0-301F-11D3-BF4B-00C04F79EFBC}") = "Linqproblem6", "Linqproblem6\Linqproblem6.csproj", "{7774A23C-7E76-4022-BD18-C9B4F1F48863}"
EndProject
Global
	GlobalSection(SolutionConfigurationPlatforms) = preSolution
		Debug|Any CPU = Debug|Any CPU
		Release|Any CPU = Release|Any CPU
	EndGlobalSection
	GlobalSection(ProjectConfigurationPlatforms) = postSolution
		{7774A23C-7E76-4022-BD18-C9B4F1F48863}.Debug|Any CPU.ActiveCfg = Debug|Any CPU
		{7774A23C-7E76-4022-BD18-C9B4F1F48863}.Debug|Any CPU.Build.0 = Debug|Any CPU
		{7774A23C-7E76-4022-BD18-C9B4F1F48863}.Release|Any CPU.ActiveCfg = Release|Any CPU
		{7774A23C-7E76-4022-BD18-C9B4F1F48863}.Release|Any CPU.Build.0 = Release|Any CPU
	EndGlobalSection
	GlobalSection(SolutionProperties) = preSolution
		HideSolutionNode = FALSE
	EndGlobalSection
	GlobalSection(ExtensibilityGlobals) = postSolution
		SolutionGuid = {02AC76CE-2502-427E-BB89-ECB298B0C3A2}
	EndGlobalSection
EndGlobal
